
Microsoft Visual Studio Solution File, Format Version 12.00
# Visual Studio Version 16
VisualStudioVersion = 16.0.28902.138
MinimumVisualStudioVersion = 10.0.40219.1
Project("{6EC3EE1D-3C4E-46DD-8F32-0CC8E7565705}") = "Core", "Core\Core.fsproj", "{2F183B2A-1B55-4509-9877-41E7D71D3790}"
EndProject
Project("{2150E333-8FDC-42A3-9474-1A3956D46DE8}") = "Tests", "Tests", "{FB2F41EC-9518-4271-A276-656844BE41EC}"
EndProject
Project("{6EC3EE1D-3C4E-46DD-8F32-0CC8E7565705}") = "UnitTests", "UnitTests\UnitTests.fsproj", "{956E800A-E142-4736-B07B-8ABC51E583C1}"
EndProject
Project("{2150E333-8FDC-42A3-9474-1A3956D46DE8}") = "Solution Items", "Solution Items", "{CDA2E373-F63B-47E8-920D-BF3EF77C4632}"
	ProjectSection(SolutionItems) = preProject
		README.md = README.md
	EndProjectSection
EndProject
Project("{6EC3EE1D-3C4E-46DD-8F32-0CC8E7565705}") = "Desktop Application", "UI Application 2\Desktop Application.fsproj", "{B4EF0E4A-575C-49EA-9D7B-5141D84F6D07}"
EndProject
Global
	GlobalSection(SolutionConfigurationPlatforms) = preSolution
		Debug|Any CPU = Debug|Any CPU
		Release|Any CPU = Release|Any CPU
	EndGlobalSection
	GlobalSection(ProjectConfigurationPlatforms) = postSolution
		{2F183B2A-1B55-4509-9877-41E7D71D3790}.Debug|Any CPU.ActiveCfg = Debug|Any CPU
		{2F183B2A-1B55-4509-9877-41E7D71D3790}.Debug|Any CPU.Build.0 = Debug|Any CPU
		{2F183B2A-1B55-4509-9877-41E7D71D3790}.Release|Any CPU.ActiveCfg = Release|Any CPU
		{2F183B2A-1B55-4509-9877-41E7D71D3790}.Release|Any CPU.Build.0 = Release|Any CPU
		{956E800A-E142-4736-B07B-8ABC51E583C1}.Debug|Any CPU.ActiveCfg = Debug|Any CPU
		{956E800A-E142-4736-B07B-8ABC51E583C1}.Debug|Any CPU.Build.0 = Debug|Any CPU
		{956E800A-E142-4736-B07B-8ABC51E583C1}.Release|Any CPU.ActiveCfg = Release|Any CPU
		{956E800A-E142-4736-B07B-8ABC51E583C1}.Release|Any CPU.Build.0 = Release|Any CPU
		{B4EF0E4A-575C-49EA-9D7B-5141D84F6D07}.Debug|Any CPU.ActiveCfg = Debug|Any CPU
		{B4EF0E4A-575C-49EA-9D7B-5141D84F6D07}.Debug|Any CPU.Build.0 = Debug|Any CPU
		{B4EF0E4A-575C-49EA-9D7B-5141D84F6D07}.Release|Any CPU.ActiveCfg = Release|Any CPU
		{B4EF0E4A-575C-49EA-9D7B-5141D84F6D07}.Release|Any CPU.Build.0 = Release|Any CPU
	EndGlobalSection
	GlobalSection(SolutionProperties) = preSolution
		HideSolutionNode = FALSE
	EndGlobalSection
	GlobalSection(NestedProjects) = preSolution
		{956E800A-E142-4736-B07B-8ABC51E583C1} = {FB2F41EC-9518-4271-A276-656844BE41EC}
	EndGlobalSection
	GlobalSection(ExtensibilityGlobals) = postSolution
		SolutionGuid = {10D5DDA4-F6F9-4A2C-9AB1-D1A1E7BBCDA5}
	EndGlobalSection
EndGlobal
